
Microsoft Visual Studio Solution File, Format Version 12.00
# Visual Studio Version 17
VisualStudioVersion = 17.2.32505.173
MinimumVisualStudioVersion = 10.0.40219.1
Project("{FAE04EC0-301F-11D3-BF4B-00C04F79EFBC}") = "BankApi.Api", "BankApi\BankApi.Api.csproj", "{B1E050D1-1A3A-4733-9F0F-65C8963AEF63}"
EndProject
Project("{FAE04EC0-301F-11D3-BF4B-00C04F79EFBC}") = "BankApi.Domain", "BankApi.Domain\BankApi.Domain.csproj", "{CD060BF9-BA61-42C7-B130-B53B710BBB43}"
EndProject
Project("{FAE04EC0-301F-11D3-BF4B-00C04F79EFBC}") = "BankApi.Application", "BankApi.Application\BankApi.Application.csproj", "{C53A6A94-54EB-49AE-B1D7-70A928160059}"
EndProject
Project("{FAE04EC0-301F-11D3-BF4B-00C04F79EFBC}") = "BankApi.Infrastructure", "BankApi.Infrastructure\BankApi.Infrastructure.csproj", "{B3B02026-B081-43EF-81A7-7EAF31EC0714}"
EndProject
Global
	GlobalSection(SolutionConfigurationPlatforms) = preSolution
		Debug|Any CPU = Debug|Any CPU
		Release|Any CPU = Release|Any CPU
	EndGlobalSection
	GlobalSection(ProjectConfigurationPlatforms) = postSolution
		{B1E050D1-1A3A-4733-9F0F-65C8963AEF63}.Debug|Any CPU.ActiveCfg = Debug|Any CPU
		{B1E050D1-1A3A-4733-9F0F-65C8963AEF63}.Debug|Any CPU.Build.0 = Debug|Any CPU
		{B1E050D1-1A3A-4733-9F0F-65C8963AEF63}.Release|Any CPU.ActiveCfg = Release|Any CPU
		{B1E050D1-1A3A-4733-9F0F-65C8963AEF63}.Release|Any CPU.Build.0 = Release|Any CPU
		{CD060BF9-BA61-42C7-B130-B53B710BBB43}.Debug|Any CPU.ActiveCfg = Debug|Any CPU
		{CD060BF9-BA61-42C7-B130-B53B710BBB43}.Debug|Any CPU.Build.0 = Debug|Any CPU
		{CD060BF9-BA61-42C7-B130-B53B710BBB43}.Release|Any CPU.ActiveCfg = Release|Any CPU
		{CD060BF9-BA61-42C7-B130-B53B710BBB43}.Release|Any CPU.Build.0 = Release|Any CPU
		{C53A6A94-54EB-49AE-B1D7-70A928160059}.Debug|Any CPU.ActiveCfg = Debug|Any CPU
		{C53A6A94-54EB-49AE-B1D7-70A928160059}.Debug|Any CPU.Build.0 = Debug|Any CPU
		{C53A6A94-54EB-49AE-B1D7-70A928160059}.Release|Any CPU.ActiveCfg = Release|Any CPU
		{C53A6A94-54EB-49AE-B1D7-70A928160059}.Release|Any CPU.Build.0 = Release|Any CPU
		{B3B02026-B081-43EF-81A7-7EAF31EC0714}.Debug|Any CPU.ActiveCfg = Debug|Any CPU
		{B3B02026-B081-43EF-81A7-7EAF31EC0714}.Debug|Any CPU.Build.0 = Debug|Any CPU
		{B3B02026-B081-43EF-81A7-7EAF31EC0714}.Release|Any CPU.ActiveCfg = Release|Any CPU
		{B3B02026-B081-43EF-81A7-7EAF31EC0714}.Release|Any CPU.Build.0 = Release|Any CPU
	EndGlobalSection
	GlobalSection(SolutionProperties) = preSolution
		HideSolutionNode = FALSE
	EndGlobalSection
	GlobalSection(ExtensibilityGlobals) = postSolution
		SolutionGuid = {9C250502-B28B-46EA-9B2C-607AC09D0F01}
	EndGlobalSection
EndGlobal
